
Microsoft Visual Studio Solution File, Format Version 12.00
# Visual Studio Version 17
VisualStudioVersion = 17.5.002.0
MinimumVisualStudioVersion = 10.0.40219.1
Project("{9A19103F-16F7-4668-BE54-9A1E7A4F7556}") = "Students.Api", "Students.Api\Students.Api.csproj", "{C7E0C428-B40E-4804-BCA8-45D17E682B70}"
EndProject
Project("{FAE04EC0-301F-11D3-BF4B-00C04F79EFBC}") = "Students.Api.Tests", "Students.Api.Tests\Students.Api.Tests.csproj", "{1165B6DB-3883-4DEB-A039-C4FAD2E4B760}"
EndProject
Global
	GlobalSection(SolutionConfigurationPlatforms) = preSolution
		Debug|Any CPU = Debug|Any CPU
		Release|Any CPU = Release|Any CPU
	EndGlobalSection
	GlobalSection(ProjectConfigurationPlatforms) = postSolution
		{C7E0C428-B40E-4804-BCA8-45D17E682B70}.Debug|Any CPU.ActiveCfg = Debug|Any CPU
		{C7E0C428-B40E-4804-BCA8-45D17E682B70}.Debug|Any CPU.Build.0 = Debug|Any CPU
		{C7E0C428-B40E-4804-BCA8-45D17E682B70}.Release|Any CPU.ActiveCfg = Release|Any CPU
		{C7E0C428-B40E-4804-BCA8-45D17E682B70}.Release|Any CPU.Build.0 = Release|Any CPU
		{1165B6DB-3883-4DEB-A039-C4FAD2E4B760}.Debug|Any CPU.ActiveCfg = Debug|Any CPU
		{1165B6DB-3883-4DEB-A039-C4FAD2E4B760}.Debug|Any CPU.Build.0 = Debug|Any CPU
		{1165B6DB-3883-4DEB-A039-C4FAD2E4B760}.Release|Any CPU.ActiveCfg = Release|Any CPU
		{1165B6DB-3883-4DEB-A039-C4FAD2E4B760}.Release|Any CPU.Build.0 = Release|Any CPU
	EndGlobalSection
	GlobalSection(SolutionProperties) = preSolution
		HideSolutionNode = FALSE
	EndGlobalSection
	GlobalSection(ExtensibilityGlobals) = postSolution
		SolutionGuid = {2B41C093-F3A8-4A82-8989-185052627E18}
	EndGlobalSection
EndGlobal
